# THIS IS AN AUTOGENERATED FILE. DO NOT EDIT THIS FILE DIRECTLY.
# yarn lockfile v1


compare-versions@^3.6.0:
  version "3.6.0"
  resolved "https://registry.yarnpkg.com/compare-versions/-/compare-versions-3.6.0.tgz#1a5689913685e5a87637b8d3ffca75514ec41d62"
  integrity sha512-W6Af2Iw1z4CB7q4uU4hv646dW9GQuBM+YpC0UvUCWSD8w90SJjp+ujJuXaEMtAXBtSqGfMPuFOVn4/+FlaqfBA==

shell-escape@^0.2.0:
  version "0.2.0"
  resolved "https://registry.yarnpkg.com/shell-escape/-/shell-escape-0.2.0.tgz#68fd025eb0490b4f567a027f0bf22480b5f84133"
  integrity sha1-aP0CXrBJC09WegJ/C/IkgLX4QTM=
